# THIS IS AN AUTOGENERATED FILE. DO NOT EDIT THIS FILE DIRECTLY.
# yarn lockfile v1


event-lite@^0.1.1:
  version "0.1.1"
  resolved "https://registry.yarnpkg.com/event-lite/-/event-lite-0.1.1.tgz#47cf08a8d37d0b694cdb7b3b17b51faac6576086"

ieee754@^1.1.8:
  version "1.1.8"
  resolved "https://registry.yarnpkg.com/ieee754/-/ieee754-1.1.8.tgz#be33d40ac10ef1926701f6f08a2d86fbfd1ad3e4"

int64-buffer@^0.1.9:
  version "0.1.9"
  resolved "https://registry.yarnpkg.com/int64-buffer/-/int64-buffer-0.1.9.tgz#9e039da043b24f78b196b283e04653ef5e990f61"

isarray@^1.0.0:
  version "1.0.0"
  resolved "https://registry.yarnpkg.com/isarray/-/isarray-1.0.0.tgz#bb935d48582cba168c06834957a54a3e07124f11"

msgpack-lite@^0.1.26:
  version "0.1.26"
  resolved "https://registry.yarnpkg.com/msgpack-lite/-/msgpack-lite-0.1.26.tgz#dd3c50b26f059f25e7edee3644418358e2a9ad89"
  dependencies:
    event-lite "^0.1.1"
    ieee754 "^1.1.8"
    int64-buffer "^0.1.9"
    isarray "^1.0.0"

ultron@~1.1.0:
  version "1.1.0"
  resolved "https://registry.yarnpkg.com/ultron/-/ultron-1.1.0.tgz#b07a2e6a541a815fc6a34ccd4533baec307ca864"

ws@^2.2.2:
  version "2.2.2"
  resolved "https://registry.yarnpkg.com/ws/-/ws-2.2.2.tgz#aa26daf39c52b20ed716e3447f8641494a726b01"
  dependencies:
    ultron "~1.1.0"
